{
  "name": "@wanpy/pouchdb-adapter-expo-sqlite",
  "version": "8.0.1",
  "lockfileVersion": 2,
  "requires": true,
  "packages": {
    "": {
      "name": "@wanpy/pouchdb-adapter-expo-sqlite",
      "version": "8.0.1",
      "license": "Apache-2.0",
      "dependencies": {
        "pouchdb-adapter-utils": "^8.0.1",
        "pouchdb-binary-utils": "^8.0.1",
        "pouchdb-collections": "^8.0.1",
        "pouchdb-errors": "^8.0.1",
        "pouchdb-json": "^8.0.1",
        "pouchdb-merge": "^8.0.1",
        "pouchdb-utils": "^8.0.1"
      },
      "peerDependencies": {
        "expo-sqlite": "~11.1.1"
      }
    },
    "node_modules/buffer-from": {
      "version": "1.1.2",
      "resolved": "https://registry.npmjs.org/buffer-from/-/buffer-from-1.1.2.tgz",
      "integrity": "sha512-E+XQCRwSbaaiChtv6k6Dwgc+bx+Bs6vuKJHHl5kox/BaKbhiXzqQOwK4cO22yElGp2OCmjwVhT3HmxgyPGnJfQ=="
    },
    "node_modules/clone-buffer": {
      "version": "1.0.0",
      "resolved": "https://registry.npmjs.org/clone-buffer/-/clone-buffer-1.0.0.tgz",
      "integrity": "sha512-KLLTJWrvwIP+OPfMn0x2PheDEP20RPUcGXj/ERegTgdmPEZylALQldygiqrPPu8P45uNuPs7ckmReLY6v/iA5g==",
      "engines": {
        "node": ">= 0.10"
      }
    },
    "node_modules/immediate": {
      "version": "3.3.0",
      "resolved": "https://registry.npmjs.org/immediate/-/immediate-3.3.0.tgz",
      "integrity": "sha512-HR7EVodfFUdQCTIeySw+WDRFJlPcLOJbXfwwZ7Oom6tjsvZ3bOkCDJHehQC3nxJrv7+f9XecwazynjU8e4Vw3Q=="
    },
    "node_modules/pouchdb-adapter-utils": {
      "version": "8.0.1",
      "resolved": "https://registry.npmjs.org/pouchdb-adapter-utils/-/pouchdb-adapter-utils-8.0.1.tgz",
      "integrity": "sha512-2nTeYaImu958BU4e46SSdv0IdkXYS/PSy5CXyfb7jK9g0aBAp/JRi7qh9nsTjk4FewpT6OpaE/7evxMQa7UuMg==",
      "dependencies": {
        "pouchdb-binary-utils": "8.0.1",
        "pouchdb-collections": "8.0.1",
        "pouchdb-errors": "8.0.1",
        "pouchdb-md5": "8.0.1",
        "pouchdb-merge": "8.0.1",
        "pouchdb-utils": "8.0.1"
      }
    },
    "node_modules/pouchdb-binary-utils": {
      "version": "8.0.1",
      "resolved": "https://registry.npmjs.org/pouchdb-binary-utils/-/pouchdb-binary-utils-8.0.1.tgz",
      "integrity": "sha512-WsuR/S0aoUlcA0Alt99czkXsfuXWcrYXAcvGiTW02zawVXOafCnb/qHjA09TUaV0oy5HeHmYaNnDckoOUqspeA==",
      "dependencies": {
        "buffer-from": "1.1.2"
      }
    },
    "node_modules/pouchdb-collections": {
      "version": "8.0.1",
      "resolved": "https://registry.npmjs.org/pouchdb-collections/-/pouchdb-collections-8.0.1.tgz",
      "integrity": "sha512-TlkQ2GGHJApJgL0b7bJMQcwX6eMfVenLeoK9mqHfC2fJssui+HWJJ5LYKHOWan11SeB90BQVFbO6rHN6CJQeDg=="
    },
    "node_modules/pouchdb-errors": {
      "version": "8.0.1",
      "resolved": "https://registry.npmjs.org/pouchdb-errors/-/pouchdb-errors-8.0.1.tgz",
      "integrity": "sha512-H+ZsQxcG/JV3Tn29gnM6c9+lRPCN91ZYOkoIICsLjVRYgOTzN1AvNUD/G5JCB+81aI/u3fxZec0LEaZh6g6NHA=="
    },
    "node_modules/pouchdb-json": {
      "version": "8.0.1",
      "resolved": "https://registry.npmjs.org/pouchdb-json/-/pouchdb-json-8.0.1.tgz",
      "integrity": "sha512-P9P0QuD+q5QAcz1ykTZHJ/F2CHCfEr7RF/Gj+hjDj6+CeYwlO0TjvwKI0Dg83eLWz6W2cqaVIARDl62DS98dFw==",
      "dependencies": {
        "vuvuzela": "1.0.3"
      }
    },
    "node_modules/pouchdb-md5": {
      "version": "8.0.1",
      "resolved": "https://registry.npmjs.org/pouchdb-md5/-/pouchdb-md5-8.0.1.tgz",
      "integrity": "sha512-shVcs/K/iilrcAhDEERpLIrGm/cnDVsXiocOzs7kycJEuBqYnLD9nj58VwWDcum26wfa8T9cznvEGE1jlYVNPQ==",
      "dependencies": {
        "pouchdb-binary-utils": "8.0.1",
        "spark-md5": "3.0.2"
      }
    },
    "node_modules/pouchdb-merge": {
      "version": "8.0.1",
      "resolved": "https://registry.npmjs.org/pouchdb-merge/-/pouchdb-merge-8.0.1.tgz",
      "integrity": "sha512-79dw6+K7js2+/kt9u4hKOkGCnz+ov0+yft2k21n6M+ylFEQyMKuWHEZRoFWr72o1vxwjhIXhUM1PB2PIdxIh0Q==",
      "dependencies": {
        "pouchdb-utils": "8.0.1"
      }
    },
    "node_modules/pouchdb-utils": {
      "version": "8.0.1",
      "resolved": "https://registry.npmjs.org/pouchdb-utils/-/pouchdb-utils-8.0.1.tgz",
      "integrity": "sha512-pWgxdk9EHVWJmjQoEvTe+ZlPXyjcuQ/vgLITN+RjGwcYhoQYUE1M0PksQd2dUP3V8lGS4+wrg9lEM/qSJPYcpw==",
      "dependencies": {
        "clone-buffer": "1.0.0",
        "immediate": "3.3.0",
        "pouchdb-collections": "8.0.1",
        "pouchdb-errors": "8.0.1",
        "pouchdb-md5": "8.0.1",
        "uuid": "8.3.2"
      }
    },
    "node_modules/spark-md5": {
      "version": "3.0.2",
      "resolved": "https://registry.npmjs.org/spark-md5/-/spark-md5-3.0.2.tgz",
      "integrity": "sha512-wcFzz9cDfbuqe0FZzfi2or1sgyIrsDwmPwfZC4hiNidPdPINjeUwNfv5kldczoEAcjl9Y1L3SM7Uz2PUEQzxQw=="
    },
    "node_modules/uuid": {
      "version": "8.3.2",
      "resolved": "https://registry.npmjs.org/uuid/-/uuid-8.3.2.tgz",
      "integrity": "sha512-+NYs2QeMWy+GWFOEm9xnn6HCDp0l7QBD7ml8zLUmJ+93Q5NF0NocErnwkTkXVFNiX3/fpC6afS8Dhb/gz7R7eg==",
      "bin": {
        "uuid": "dist/bin/uuid"
      }
    },
    "node_modules/vuvuzela": {
      "version": "1.0.3",
      "resolved": "https://registry.npmjs.org/vuvuzela/-/vuvuzela-1.0.3.tgz",
      "integrity": "sha1-O+FF5YJxxzylUnndhR8SpoIRSws="
    }
  },
  "dependencies": {
    "buffer-from": {
      "version": "1.1.2",
      "resolved": "https://registry.npmjs.org/buffer-from/-/buffer-from-1.1.2.tgz",
      "integrity": "sha512-E+XQCRwSbaaiChtv6k6Dwgc+bx+Bs6vuKJHHl5kox/BaKbhiXzqQOwK4cO22yElGp2OCmjwVhT3HmxgyPGnJfQ=="
    },
    "clone-buffer": {
      "version": "1.0.0",
      "resolved": "https://registry.npmjs.org/clone-buffer/-/clone-buffer-1.0.0.tgz",
      "integrity": "sha512-KLLTJWrvwIP+OPfMn0x2PheDEP20RPUcGXj/ERegTgdmPEZylALQldygiqrPPu8P45uNuPs7ckmReLY6v/iA5g=="
    },
    "immediate": {
      "version": "3.3.0",
      "resolved": "https://registry.npmjs.org/immediate/-/immediate-3.3.0.tgz",
      "integrity": "sha512-HR7EVodfFUdQCTIeySw+WDRFJlPcLOJbXfwwZ7Oom6tjsvZ3bOkCDJHehQC3nxJrv7+f9XecwazynjU8e4Vw3Q=="
    },
    "pouchdb-adapter-utils": {
      "version": "8.0.1",
      "resolved": "https://registry.npmjs.org/pouchdb-adapter-utils/-/pouchdb-adapter-utils-8.0.1.tgz",
      "integrity": "sha512-2nTeYaImu958BU4e46SSdv0IdkXYS/PSy5CXyfb7jK9g0aBAp/JRi7qh9nsTjk4FewpT6OpaE/7evxMQa7UuMg==",
      "requires": {
        "pouchdb-binary-utils": "8.0.1",
        "pouchdb-collections": "8.0.1",
        "pouchdb-errors": "8.0.1",
        "pouchdb-md5": "8.0.1",
        "pouchdb-merge": "8.0.1",
        "pouchdb-utils": "8.0.1"
      }
    },
    "pouchdb-binary-utils": {
      "version": "8.0.1",
      "resolved": "https://registry.npmjs.org/pouchdb-binary-utils/-/pouchdb-binary-utils-8.0.1.tgz",
      "integrity": "sha512-WsuR/S0aoUlcA0Alt99czkXsfuXWcrYXAcvGiTW02zawVXOafCnb/qHjA09TUaV0oy5HeHmYaNnDckoOUqspeA==",
      "requires": {
        "buffer-from": "1.1.2"
      }
    },
    "pouchdb-collections": {
      "version": "8.0.1",
      "resolved": "https://registry.npmjs.org/pouchdb-collections/-/pouchdb-collections-8.0.1.tgz",
      "integrity": "sha512-TlkQ2GGHJApJgL0b7bJMQcwX6eMfVenLeoK9mqHfC2fJssui+HWJJ5LYKHOWan11SeB90BQVFbO6rHN6CJQeDg=="
    },
    "pouchdb-errors": {
      "version": "8.0.1",
      "resolved": "https://registry.npmjs.org/pouchdb-errors/-/pouchdb-errors-8.0.1.tgz",
      "integrity": "sha512-H+ZsQxcG/JV3Tn29gnM6c9+lRPCN91ZYOkoIICsLjVRYgOTzN1AvNUD/G5JCB+81aI/u3fxZec0LEaZh6g6NHA=="
    },
    "pouchdb-json": {
      "version": "8.0.1",
      "resolved": "https://registry.npmjs.org/pouchdb-json/-/pouchdb-json-8.0.1.tgz",
      "integrity": "sha512-P9P0QuD+q5QAcz1ykTZHJ/F2CHCfEr7RF/Gj+hjDj6+CeYwlO0TjvwKI0Dg83eLWz6W2cqaVIARDl62DS98dFw==",
      "requires": {
        "vuvuzela": "1.0.3"
      }
    },
    "pouchdb-md5": {
      "version": "8.0.1",
      "resolved": "https://registry.npmjs.org/pouchdb-md5/-/pouchdb-md5-8.0.1.tgz",
      "integrity": "sha512-shVcs/K/iilrcAhDEERpLIrGm/cnDVsXiocOzs7kycJEuBqYnLD9nj58VwWDcum26wfa8T9cznvEGE1jlYVNPQ==",
      "requires": {
        "pouchdb-binary-utils": "8.0.1",
        "spark-md5": "3.0.2"
      }
    },
    "pouchdb-merge": {
      "version": "8.0.1",
      "resolved": "https://registry.npmjs.org/pouchdb-merge/-/pouchdb-merge-8.0.1.tgz",
      "integrity": "sha512-79dw6+K7js2+/kt9u4hKOkGCnz+ov0+yft2k21n6M+ylFEQyMKuWHEZRoFWr72o1vxwjhIXhUM1PB2PIdxIh0Q==",
      "requires": {
        "pouchdb-utils": "8.0.1"
      }
    },
    "pouchdb-utils": {
      "version": "8.0.1",
      "resolved": "https://registry.npmjs.org/pouchdb-utils/-/pouchdb-utils-8.0.1.tgz",
      "integrity": "sha512-pWgxdk9EHVWJmjQoEvTe+ZlPXyjcuQ/vgLITN+RjGwcYhoQYUE1M0PksQd2dUP3V8lGS4+wrg9lEM/qSJPYcpw==",
      "requires": {
        "clone-buffer": "1.0.0",
        "immediate": "3.3.0",
        "pouchdb-collections": "8.0.1",
        "pouchdb-errors": "8.0.1",
        "pouchdb-md5": "8.0.1",
        "uuid": "8.3.2"
      }
    },
    "spark-md5": {
      "version": "3.0.2",
      "resolved": "https://registry.npmjs.org/spark-md5/-/spark-md5-3.0.2.tgz",
      "integrity": "sha512-wcFzz9cDfbuqe0FZzfi2or1sgyIrsDwmPwfZC4hiNidPdPINjeUwNfv5kldczoEAcjl9Y1L3SM7Uz2PUEQzxQw=="
    },
    "uuid": {
      "version": "8.3.2",
      "resolved": "https://registry.npmjs.org/uuid/-/uuid-8.3.2.tgz",
      "integrity": "sha512-+NYs2QeMWy+GWFOEm9xnn6HCDp0l7QBD7ml8zLUmJ+93Q5NF0NocErnwkTkXVFNiX3/fpC6afS8Dhb/gz7R7eg=="
    },
    "vuvuzela": {
      "version": "1.0.3",
      "resolved": "https://registry.npmjs.org/vuvuzela/-/vuvuzela-1.0.3.tgz",
      "integrity": "sha1-O+FF5YJxxzylUnndhR8SpoIRSws="
    }
  }
}
